
Microsoft Visual Studio Solution File, Format Version 12.00
# Visual Studio Version 16
VisualStudioVersion = 16.0.29709.97
MinimumVisualStudioVersion = 10.0.40219.1
Project("{FAE04EC0-301F-11D3-BF4B-00C04F79EFBC}") = "Calculater.Test.Unit", "Calculater.Test.Unit\Calculater.Test.Unit.csproj", "{6FAA7DAD-D9C8-4D28-A1B6-97518ECD1913}"
EndProject
Project("{FAE04EC0-301F-11D3-BF4B-00C04F79EFBC}") = "Calculater", "Calculater1\Calculater.csproj", "{CE97E2CA-F7C2-4CFA-B2DC-111DABF7A25B}"
EndProject
Global
	GlobalSection(SolutionConfigurationPlatforms) = preSolution
		Debug|Any CPU = Debug|Any CPU
		Release|Any CPU = Release|Any CPU
	EndGlobalSection
	GlobalSection(ProjectConfigurationPlatforms) = postSolution
		{6FAA7DAD-D9C8-4D28-A1B6-97518ECD1913}.Debug|Any CPU.ActiveCfg = Debug|Any CPU
		{6FAA7DAD-D9C8-4D28-A1B6-97518ECD1913}.Debug|Any CPU.Build.0 = Debug|Any CPU
		{6FAA7DAD-D9C8-4D28-A1B6-97518ECD1913}.Release|Any CPU.ActiveCfg = Release|Any CPU
		{6FAA7DAD-D9C8-4D28-A1B6-97518ECD1913}.Release|Any CPU.Build.0 = Release|Any CPU
		{CE97E2CA-F7C2-4CFA-B2DC-111DABF7A25B}.Debug|Any CPU.ActiveCfg = Debug|Any CPU
		{CE97E2CA-F7C2-4CFA-B2DC-111DABF7A25B}.Debug|Any CPU.Build.0 = Debug|Any CPU
		{CE97E2CA-F7C2-4CFA-B2DC-111DABF7A25B}.Release|Any CPU.ActiveCfg = Release|Any CPU
		{CE97E2CA-F7C2-4CFA-B2DC-111DABF7A25B}.Release|Any CPU.Build.0 = Release|Any CPU
	EndGlobalSection
	GlobalSection(SolutionProperties) = preSolution
		HideSolutionNode = FALSE
	EndGlobalSection
	GlobalSection(ExtensibilityGlobals) = postSolution
		SolutionGuid = {5D0B9088-A131-46BA-B858-2D96EA69C402}
	EndGlobalSection
EndGlobal
